# THIS IS AN AUTOGENERATED FILE. DO NOT EDIT THIS FILE DIRECTLY.
# yarn lockfile v1


"@lezer/common@^1.0.0":
  version "1.2.3"
  resolved "https://registry.yarnpkg.com/@lezer/common/-/common-1.2.3.tgz#138fcddab157d83da557554851017c6c1e5667fd"
  integrity sha512-w7ojc8ejBqr2REPsWxJjrMFsA/ysDCFICn8zEOR9mrqzOu2amhITYuLD8ag6XZf0CFXDrhKqw7+tW8cX66NaDA==

"@lezer/lr@^1.0.0":
  version "1.4.2"
  resolved "https://registry.yarnpkg.com/@lezer/lr/-/lr-1.4.2.tgz#931ea3dea8e9de84e90781001dae30dea9ff1727"
  integrity sha512-pu0K1jCIdnQ12aWNaAVU5bzi7Bd1w54J3ECgANPmYLtQKP0HBj2cE/5coBD66MT10xbtIuUr7tg0Shbsvk0mDA==
  dependencies:
    "@lezer/common" "^1.0.0"

"@mischnic/json-sourcemap@^0.1.1":
  version "0.1.1"
  resolved "https://registry.yarnpkg.com/@mischnic/json-sourcemap/-/json-sourcemap-0.1.1.tgz#0ef9b015a8f575dd9a8720d9a6b4dbc988425906"
  integrity sha512-iA7+tyVqfrATAIsIRWQG+a7ZLLD0VaOCKV2Wd/v4mqIU3J9c4jx9p7S0nw1XH3gJCKNBOOwACOPYYSUu9pgT+w==
  dependencies:
    "@lezer/common" "^1.0.0"
    "@lezer/lr" "^1.0.0"
    json5 "^2.2.1"

"@parcel/codeframe@2.15.4":
  version "2.15.4"
  resolved "https://registry.yarnpkg.com/@parcel/codeframe/-/codeframe-2.15.4.tgz#69f00eea86313c5bc5cbe145607ae248803c32be"
  integrity sha512-ErAPEQaJIpB+ocNZ3rl8AEK6piA7JBInwZLNU0eHMthm01Ssb10JkpAadyn1w9IVfCey+kqQcEeWv47Yh6mL1Q==
  dependencies:
    chalk "^4.1.2"

"@parcel/diagnostic@2.15.4":
  version "2.15.4"
  resolved "https://registry.yarnpkg.com/@parcel/diagnostic/-/diagnostic-2.15.4.tgz#17393f0fa71da19c84d0668e496e4ca9427e1f77"
  integrity sha512-8MAqefwzBKceNN3364OLm+p4HRD7AfimfFW3MntLxPB6bnelc9UBg5c9zEm34zYEctbmky8gqYgAUSDjqYC5Hw==
  dependencies:
    "@mischnic/json-sourcemap" "^0.1.1"
    nullthrows "^1.1.1"

"@parcel/events@2.15.4":
  version "2.15.4"
  resolved "https://registry.yarnpkg.com/@parcel/events/-/events-2.15.4.tgz#2a08fb358cff6888bc5151b1aece56671990681d"
  integrity sha512-SBq4zstaFr7XQaXNaQmUuVh1swCUHrhtPCOSofvkJoQGhjsuhQlh4t0NmUikyKNdj7C1j40xCS1kGHuUO29b0g==

"@parcel/feature-flags@2.15.4":
  version "2.15.4"
  resolved "https://registry.yarnpkg.com/@parcel/feature-flags/-/feature-flags-2.15.4.tgz#07646d16668835977648999ebdedaa108b3ad722"
  integrity sha512-DJqZVtbfjWJseM0gk7yyDkAuOhP7/FVwZ/YVqjozIqXBhmQm07xctiqNQyZX2vBbQsxmVbjpqyq+DOj45WPEzQ==

"@parcel/logger@2.15.4":
  version "2.15.4"
  resolved "https://registry.yarnpkg.com/@parcel/logger/-/logger-2.15.4.tgz#a3a4452167db5ead13942bc1dd0b783ab5a11de9"
  integrity sha512-rQ7F5+FMQ7t+w5NGFRT8CWHhym0aunduufCjlafvRzUSKEN/5/nwTfCe9I5QsthGlXJWs+ZTy4zQ+wLtZQRBKQ==
  dependencies:
    "@parcel/diagnostic" "2.15.4"
    "@parcel/events" "2.15.4"

"@parcel/markdown-ansi@2.15.4":
  version "2.15.4"
  resolved "https://registry.yarnpkg.com/@parcel/markdown-ansi/-/markdown-ansi-2.15.4.tgz#21e9119854dd7f07289eabc514ba1d2b939762f0"
  integrity sha512-u5Lwcr4ZVBSLFbKYht+mJqJ3ZMXvJdmDMU5eDtrIEKPpu9LrIDdPpDEXBoyO6pDsoV/2AqyXUUMzBRyCatkkoQ==
  dependencies:
    chalk "^4.1.2"

"@parcel/packager-raw-url@2.15.4":
  version "2.15.4"
  resolved "https://registry.yarnpkg.com/@parcel/packager-raw-url/-/packager-raw-url-2.15.4.tgz#592374cf7fa86cf1507905da3203ec19515366ec"
  integrity sha512-FOYqSUR5pttNQD9Urclc8RW9APLFqOd9gKnpSYCq+3hpIf0HxgcKyLDHvDitSr+qp4kP8IfnEXPPCLS1ImxP9A==
  dependencies:
    "@parcel/plugin" "2.15.4"
    "@parcel/utils" "2.15.4"

"@parcel/plugin@2.15.4":
  version "2.15.4"
  resolved "https://registry.yarnpkg.com/@parcel/plugin/-/plugin-2.15.4.tgz#742c08846d7c0ab174f040beac28c86c460e6220"
  integrity sha512-XVehjmzk8ZDOFf/BXo26L76ZqCGNKIQcN2ngxAnq0KRY/WFanL8yLaL0qQq+c9whlu09hkGz1CuhFBLAIjJMYQ==
  dependencies:
    "@parcel/types" "2.15.4"

"@parcel/profiler@2.15.4":
  version "2.15.4"
  resolved "https://registry.yarnpkg.com/@parcel/profiler/-/profiler-2.15.4.tgz#aea16630151fef60edb9db1a34c840a9123cf262"
  integrity sha512-ezVZlttUmQ1MQD5e8yVb07vSGYEFOB59Y/jaxL9mGSLZkVhMIIHe/7SuA+4qVAH8dlg6bslXRqlsunLMPEgPsg==
  dependencies:
    "@parcel/diagnostic" "2.15.4"
    "@parcel/events" "2.15.4"
    "@parcel/types-internal" "2.15.4"
    chrome-trace-event "^1.0.2"

"@parcel/rust-darwin-arm64@2.15.4":
  version "2.15.4"
  resolved "https://registry.yarnpkg.com/@parcel/rust-darwin-arm64/-/rust-darwin-arm64-2.15.4.tgz#8716edcee0176394781cff6917f5cd9def77cb0f"
  integrity sha512-cEpNDeEtvM5Nhj0QLN95QbcZ9yY6Z5W3+2OeHvnojEAP8Rp1XGzqVTTZdlyKyN1KTiyfzIOiQJCiEcr+kMc5Nw==

"@parcel/rust-darwin-x64@2.15.4":
  version "2.15.4"
  resolved "https://registry.yarnpkg.com/@parcel/rust-darwin-x64/-/rust-darwin-x64-2.15.4.tgz#1556299e41cd3bd67391c613a892f0f5812a454a"
  integrity sha512-jL9i13sXKeBXXz8Z3BNYoScPOi+ljBA0ubAE3PN5DCoAA6wS4/FsAiRSIUw+3uxqASBD7+JvaT5sDUga1Xft5g==

"@parcel/rust-linux-arm-gnueabihf@2.15.4":
  version "2.15.4"
  resolved "https://registry.yarnpkg.com/@parcel/rust-linux-arm-gnueabihf/-/rust-linux-arm-gnueabihf-2.15.4.tgz#514e3c7ae6b1eaca91a345ef5c705e95458f41ea"
  integrity sha512-c8HpVdDugCutlMILoOlkTioih9HGJpQrzS2G3cg/O1a5ZTacooGf3eGJGoh6dUBEv9WEaEb6zsTRwFv2BgtZcA==

"@parcel/rust-linux-arm64-gnu@2.15.4":
  version "2.15.4"
  resolved "https://registry.yarnpkg.com/@parcel/rust-linux-arm64-gnu/-/rust-linux-arm64-gnu-2.15.4.tgz#78aaf9aa9be92a764eb76d013c580679eb12b44e"
  integrity sha512-Wcfs/JY4FnuLxQaU+VX2rI4j376Qo2LkZmq4zp9frnsajaAqmloVQfnbUkdnQPEL4I38eHXerzBX3LoXSxnZKA==

"@parcel/rust-linux-arm64-musl@2.15.4":
  version "2.15.4"
  resolved "https://registry.yarnpkg.com/@parcel/rust-linux-arm64-musl/-/rust-linux-arm64-musl-2.15.4.tgz#c6d2cde97139d5329288cb44325534fe12a66659"
  integrity sha512-xf9HxosEn3dU5M0zDSXqBaG8rEjLThRdTYqpkxHW/qQGzy0Se+/ntg8PeDHsSG5E9OK8xrcKH46Lhaw0QBF/Zw==

"@parcel/rust-linux-x64-gnu@2.15.4":
  version "2.15.4"
  resolved "https://registry.yarnpkg.com/@parcel/rust-linux-x64-gnu/-/rust-linux-x64-gnu-2.15.4.tgz#476cbb6544117abca7e6f1b3c84737f2ad7182b4"
  integrity sha512-RigXVCFj6h0AXmkuxU61rfgYuW+PXBR6qSkR2I20yKnAXoMfxLaZy9YJ3sAPMEjT9zXgzGAX+3syItMF+bRjaw==

"@parcel/rust-linux-x64-musl@2.15.4":
  version "2.15.4"
  resolved "https://registry.yarnpkg.com/@parcel/rust-linux-x64-musl/-/rust-linux-x64-musl-2.15.4.tgz#76b62af4f6d7539f2d6dcaf0e0b84e76065116e2"
  integrity sha512-tHlRgonSr5ca8OvhbGzZUggCgCOirRz5dHhPSCm4ajMxeDMamwprq6lKy0sCNTXht4TXIEyugBcfEuRKEeVIBw==

"@parcel/rust-win32-x64-msvc@2.15.4":
  version "2.15.4"
  resolved "https://registry.yarnpkg.com/@parcel/rust-win32-x64-msvc/-/rust-win32-x64-msvc-2.15.4.tgz#f64fade58dffe390754acc641a1a65950104a22e"
  integrity sha512-YsX6vMl/bfyxqZSN7yiaZQKLoJKELSZYcvg8gIv4CF1xkaTdmfr6gvq2iCyoV+bwrodNohN4Xfl8r7Wniu1/UA==

"@parcel/rust@2.15.4":
  version "2.15.4"
  resolved "https://registry.yarnpkg.com/@parcel/rust/-/rust-2.15.4.tgz#2e6759c490869704e15466697786dd05fe7eba1c"
  integrity sha512-OxOux8z8YEYg23+15uMmYaloFp3x1RwcliBay6HqxUW7RTmtI1/z+xd8AtienCckACD60gvDGy04LjgbEGdJVg==
  optionalDependencies:
    "@parcel/rust-darwin-arm64" "2.15.4"
    "@parcel/rust-darwin-x64" "2.15.4"
    "@parcel/rust-linux-arm-gnueabihf" "2.15.4"
    "@parcel/rust-linux-arm64-gnu" "2.15.4"
    "@parcel/rust-linux-arm64-musl" "2.15.4"
    "@parcel/rust-linux-x64-gnu" "2.15.4"
    "@parcel/rust-linux-x64-musl" "2.15.4"
    "@parcel/rust-win32-x64-msvc" "2.15.4"

"@parcel/source-map@^2.1.1":
  version "2.1.1"
  resolved "https://registry.yarnpkg.com/@parcel/source-map/-/source-map-2.1.1.tgz#fb193b82dba6dd62cc7a76b326f57bb35000a782"
  integrity sha512-Ejx1P/mj+kMjQb8/y5XxDUn4reGdr+WyKYloBljpppUy8gs42T+BNoEOuRYqDVdgPc6NxduzIDoJS9pOFfV5Ew==
  dependencies:
    detect-libc "^1.0.3"

"@parcel/transformer-jsonld@2.15.4":
  version "2.15.4"
  resolved "https://registry.yarnpkg.com/@parcel/transformer-jsonld/-/transformer-jsonld-2.15.4.tgz#64145c721213e25e8ecba3ad43753fadb91b089f"
  integrity sha512-QwsRpFY8d0U+YJda05+xjnGLFx5icscC50FY4+137fTim+Uh0mloCBLgc8IP9pzwpS1n7gNhcfcYGfFgqaTMAw==
  dependencies:
    "@parcel/plugin" "2.15.4"
    "@parcel/types" "2.15.4"
    json5 "^2.2.3"

"@parcel/types-internal@2.15.4":
  version "2.15.4"
  resolved "https://registry.yarnpkg.com/@parcel/types-internal/-/types-internal-2.15.4.tgz#50b192656a2b2b3d9e01d764038101218bd0ae6b"
  integrity sha512-kl5QEZ8PTWRvMkwmk7IG3VpP/5/MSGwt9Nrj9ctXLdZkDdXZpK7IbXAthLQ4zrByMaqZULL2IyDuBqBgfuAqlQ==
  dependencies:
    "@parcel/diagnostic" "2.15.4"
    "@parcel/feature-flags" "2.15.4"
    "@parcel/source-map" "^2.1.1"
    utility-types "^3.11.0"

"@parcel/types@2.15.4":
  version "2.15.4"
  resolved "https://registry.yarnpkg.com/@parcel/types/-/types-2.15.4.tgz#736a42f81c3f3e3bd1ab7e3c374c123d60ec05fa"
  integrity sha512-fS3UMMinLtzn/NTSx/qx38saBgRniylldh0XZEUcGeME4D2Llu/QlLv+YZ/LJqrFci3fPRM+YAn2K+JT/u+/0w==
  dependencies:
    "@parcel/types-internal" "2.15.4"
    "@parcel/workers" "2.15.4"

"@parcel/utils@2.15.4":
  version "2.15.4"
  resolved "https://registry.yarnpkg.com/@parcel/utils/-/utils-2.15.4.tgz#5471ac633a202aa5861b80eae5d917065ed86465"
  integrity sha512-29m09sfPx0GHnmy1kkZ5XezprepdFGKKKUEJkyiYA4ERf55jjdnU2/GP4sWlZXxjh2Y+JFoCAFlCamEClq/8eA==
  dependencies:
    "@parcel/codeframe" "2.15.4"
    "@parcel/diagnostic" "2.15.4"
    "@parcel/logger" "2.15.4"
    "@parcel/markdown-ansi" "2.15.4"
    "@parcel/rust" "2.15.4"
    "@parcel/source-map" "^2.1.1"
    chalk "^4.1.2"
    nullthrows "^1.1.1"

"@parcel/workers@2.15.4":
  version "2.15.4"
  resolved "https://registry.yarnpkg.com/@parcel/workers/-/workers-2.15.4.tgz#e4a3897e2a730a709d5dab53d75a578d4dc9542b"
  integrity sha512-wZ/5/mfjs5aeqhXY0c6fwuaBFeNpOXoOq2CKPSMDXt+GX2u/9/1bpVxN9XeGTAJO+ZD++CLq0hyzTnIHy58nyw==
  dependencies:
    "@parcel/diagnostic" "2.15.4"
    "@parcel/logger" "2.15.4"
    "@parcel/profiler" "2.15.4"
    "@parcel/types-internal" "2.15.4"
    "@parcel/utils" "2.15.4"
    nullthrows "^1.1.1"

ansi-styles@^4.1.0:
  version "4.3.0"
  resolved "https://registry.yarnpkg.com/ansi-styles/-/ansi-styles-4.3.0.tgz#edd803628ae71c04c85ae7a0906edad34b648937"
  integrity sha512-zbB9rCJAT1rbjiVDb2hqKFHNYLxgtk8NURxZ3IZwD3F6NtxbXZQCnnSi1Lkx+IDohdPlFp222wVALIheZJQSEg==
  dependencies:
    color-convert "^2.0.1"

chalk@^4.1.2:
  version "4.1.2"
  resolved "https://registry.yarnpkg.com/chalk/-/chalk-4.1.2.tgz#aac4e2b7734a740867aeb16bf02aad556a1e7a01"
  integrity sha512-oKnbhFyRIXpUuez8iBMmyEa4nbj4IOQyuhc/wy9kY7/WVPcwIO9VA668Pu8RkO7+0G76SLROeyw9CpQ061i4mA==
  dependencies:
    ansi-styles "^4.1.0"
    supports-color "^7.1.0"

chrome-trace-event@^1.0.2:
  version "1.0.4"
  resolved "https://registry.yarnpkg.com/chrome-trace-event/-/chrome-trace-event-1.0.4.tgz#05bffd7ff928465093314708c93bdfa9bd1f0f5b"
  integrity sha512-rNjApaLzuwaOTjCiT8lSDdGN1APCiqkChLMJxJPWLunPAt5fy8xgU9/jNOchV84wfIxrA0lRQB7oCT8jrn/wrQ==

color-convert@^2.0.1:
  version "2.0.1"
  resolved "https://registry.yarnpkg.com/color-convert/-/color-convert-2.0.1.tgz#72d3a68d598c9bdb3af2ad1e84f21d896abd4de3"
  integrity sha512-RRECPsj7iu/xb5oKYcsFHSppFNnsj/52OVTRKb4zP5onXwVF3zVmmToNcOfGC+CRDpfK/U584fMg38ZHCaElKQ==
  dependencies:
    color-name "~1.1.4"

color-name@~1.1.4:
  version "1.1.4"
  resolved "https://registry.yarnpkg.com/color-name/-/color-name-1.1.4.tgz#c2a09a87acbde69543de6f63fa3995c826c536a2"
  integrity sha512-dOy+3AuW3a2wNbZHIuMZpTcgjGuLU/uBL/ubcZF9OXbDo8ff4O8yVp5Bf0efS8uEoYo5q4Fx7dY9OgQGXgAsQA==

detect-libc@^1.0.3:
  version "1.0.3"
  resolved "https://registry.yarnpkg.com/detect-libc/-/detect-libc-1.0.3.tgz#fa137c4bd698edf55cd5cd02ac559f91a4c4ba9b"
  integrity sha512-pGjwhsmsp4kL2RTz08wcOlGN83otlqHeD/Z5T8GXZB+/YcpQ/dgo+lbU8ZsGxV0HIvqqxo9l7mqYwyYMD9bKDg==

has-flag@^4.0.0:
  version "4.0.0"
  resolved "https://registry.yarnpkg.com/has-flag/-/has-flag-4.0.0.tgz#944771fd9c81c81265c4d6941860da06bb59479b"
  integrity sha512-EykJT/Q1KjTWctppgIAgfSO0tKVuZUjhgMr17kqTumMl6Afv3EISleU7qZUzoXDFTAHTDC4NOoG/ZxU3EvlMPQ==

json5@^2.2.1, json5@^2.2.3:
  version "2.2.3"
  resolved "https://registry.yarnpkg.com/json5/-/json5-2.2.3.tgz#78cd6f1a19bdc12b73db5ad0c61efd66c1e29283"
  integrity sha512-XmOWe7eyHYH14cLdVPoyg+GOH3rYX++KpzrylJwSW98t3Nk+U8XOl8FWKOgwtzdb8lXGf6zYwDUzeHMWfxasyg==

nullthrows@^1.1.1:
  version "1.1.1"
  resolved "https://registry.yarnpkg.com/nullthrows/-/nullthrows-1.1.1.tgz#7818258843856ae971eae4208ad7d7eb19a431b1"
  integrity sha512-2vPPEi+Z7WqML2jZYddDIfy5Dqb0r2fze2zTxNNknZaFpVHU3mFB3R+DWeJWGVx0ecvttSGlJTI+WG+8Z4cDWw==

supports-color@^7.1.0:
  version "7.2.0"
  resolved "https://registry.yarnpkg.com/supports-color/-/supports-color-7.2.0.tgz#1b7dcdcb32b8138801b3e478ba6a51caa89648da"
  integrity sha512-qpCAvRl9stuOHveKsn7HncJRvv501qIacKzQlO/+Lwxc9+0q2wLyv4Dfvt80/DPn2pqOBsJdDiogXGR9+OvwRw==
  dependencies:
    has-flag "^4.0.0"

utility-types@^3.11.0:
  version "3.11.0"
  resolved "https://registry.yarnpkg.com/utility-types/-/utility-types-3.11.0.tgz#607c40edb4f258915e901ea7995607fdf319424c"
  integrity sha512-6Z7Ma2aVEWisaL6TvBCy7P8rm2LQoPv6dJ7ecIaIixHcwfbJ0x7mWdbcwlIM5IGQxPZSFYeqRCqlOOeKoJYMkw==
